
Microsoft Visual Studio Solution File, Format Version 12.00
# Visual Studio Version 16
VisualStudioVersion = 16.0.30104.148
MinimumVisualStudioVersion = 10.0.40219.1
Project("{FAE04EC0-301F-11D3-BF4B-00C04F79EFBC}") = "mini_tc", "mini_tc\mini_tc.csproj", "{D5FEFECC-B233-499A-890D-74402F9258CD}"
EndProject
Global
	GlobalSection(SolutionConfigurationPlatforms) = preSolution
		Debug|Any CPU = Debug|Any CPU
		Release|Any CPU = Release|Any CPU
	EndGlobalSection
	GlobalSection(ProjectConfigurationPlatforms) = postSolution
		{D5FEFECC-B233-499A-890D-74402F9258CD}.Debug|Any CPU.ActiveCfg = Debug|Any CPU
		{D5FEFECC-B233-499A-890D-74402F9258CD}.Debug|Any CPU.Build.0 = Debug|Any CPU
		{D5FEFECC-B233-499A-890D-74402F9258CD}.Release|Any CPU.ActiveCfg = Release|Any CPU
		{D5FEFECC-B233-499A-890D-74402F9258CD}.Release|Any CPU.Build.0 = Release|Any CPU
	EndGlobalSection
	GlobalSection(SolutionProperties) = preSolution
		HideSolutionNode = FALSE
	EndGlobalSection
	GlobalSection(ExtensibilityGlobals) = postSolution
		SolutionGuid = {FD7F02EB-4B54-48A8-AC82-B4924BF1DB4D}
	EndGlobalSection
EndGlobal
